
Microsoft Visual Studio Solution File, Format Version 12.00
# Visual Studio Version 16
VisualStudioVersion = 16.0.30002.166
MinimumVisualStudioVersion = 10.0.40219.1
Project("{9A19103F-16F7-4668-BE54-9A1E7A4F7556}") = "Grains", "Grains.csproj", "{CC36779B-AF5E-4845-8BBA-3A68BDCD2E92}"
EndProject
Global
	GlobalSection(SolutionConfigurationPlatforms) = preSolution
		Debug|Any CPU = Debug|Any CPU
		Release|Any CPU = Release|Any CPU
	EndGlobalSection
	GlobalSection(ProjectConfigurationPlatforms) = postSolution
		{CC36779B-AF5E-4845-8BBA-3A68BDCD2E92}.Debug|Any CPU.ActiveCfg = Debug|Any CPU
		{CC36779B-AF5E-4845-8BBA-3A68BDCD2E92}.Debug|Any CPU.Build.0 = Debug|Any CPU
		{CC36779B-AF5E-4845-8BBA-3A68BDCD2E92}.Release|Any CPU.ActiveCfg = Release|Any CPU
		{CC36779B-AF5E-4845-8BBA-3A68BDCD2E92}.Release|Any CPU.Build.0 = Release|Any CPU
	EndGlobalSection
	GlobalSection(SolutionProperties) = preSolution
		HideSolutionNode = FALSE
	EndGlobalSection
	GlobalSection(ExtensibilityGlobals) = postSolution
		SolutionGuid = {F950A7CA-ECCB-47EE-8A9B-8AE70BA9F640}
	EndGlobalSection
EndGlobal
