
Microsoft Visual Studio Solution File, Format Version 12.00
# Visual Studio Version 16
VisualStudioVersion = 16.0.30002.166
MinimumVisualStudioVersion = 10.0.40219.1
Project("{9A19103F-16F7-4668-BE54-9A1E7A4F7556}") = "CollatzConjecture", "CollatzConjecture.csproj", "{9025B2CD-0C59-4E26-B033-7D8EE9D56D01}"
EndProject
Global
	GlobalSection(SolutionConfigurationPlatforms) = preSolution
		Debug|Any CPU = Debug|Any CPU
		Release|Any CPU = Release|Any CPU
	EndGlobalSection
	GlobalSection(ProjectConfigurationPlatforms) = postSolution
		{9025B2CD-0C59-4E26-B033-7D8EE9D56D01}.Debug|Any CPU.ActiveCfg = Debug|Any CPU
		{9025B2CD-0C59-4E26-B033-7D8EE9D56D01}.Debug|Any CPU.Build.0 = Debug|Any CPU
		{9025B2CD-0C59-4E26-B033-7D8EE9D56D01}.Release|Any CPU.ActiveCfg = Release|Any CPU
		{9025B2CD-0C59-4E26-B033-7D8EE9D56D01}.Release|Any CPU.Build.0 = Release|Any CPU
	EndGlobalSection
	GlobalSection(SolutionProperties) = preSolution
		HideSolutionNode = FALSE
	EndGlobalSection
	GlobalSection(ExtensibilityGlobals) = postSolution
		SolutionGuid = {2385AFC9-B082-4D02-9D78-E096E4631DF6}
	EndGlobalSection
EndGlobal
